
Microsoft Visual Studio Solution File, Format Version 12.00
# Visual Studio Version 16
VisualStudioVersion = 16.0.30413.136
MinimumVisualStudioVersion = 10.0.40219.1
Project("{FAE04EC0-301F-11D3-BF4B-00C04F79EFBC}") = "CubeX", "CubeX\CubeX.csproj", "{130BFAFA-2B75-415A-9FAE-0CA96D4BD52B}"
EndProject
Project("{FAE04EC0-301F-11D3-BF4B-00C04F79EFBC}") = "CubeX.Tests", "CubeX.Tests\CubeX.Tests.csproj", "{B2FC21DB-4FA2-4840-A875-794A2F975E3A}"
EndProject
Global
	GlobalSection(SolutionConfigurationPlatforms) = preSolution
		Debug|Any CPU = Debug|Any CPU
		Release|Any CPU = Release|Any CPU
	EndGlobalSection
	GlobalSection(ProjectConfigurationPlatforms) = postSolution
		{130BFAFA-2B75-415A-9FAE-0CA96D4BD52B}.Debug|Any CPU.ActiveCfg = Debug|Any CPU
		{130BFAFA-2B75-415A-9FAE-0CA96D4BD52B}.Debug|Any CPU.Build.0 = Debug|Any CPU
		{130BFAFA-2B75-415A-9FAE-0CA96D4BD52B}.Release|Any CPU.ActiveCfg = Release|Any CPU
		{130BFAFA-2B75-415A-9FAE-0CA96D4BD52B}.Release|Any CPU.Build.0 = Release|Any CPU
		{B2FC21DB-4FA2-4840-A875-794A2F975E3A}.Debug|Any CPU.ActiveCfg = Debug|Any CPU
		{B2FC21DB-4FA2-4840-A875-794A2F975E3A}.Debug|Any CPU.Build.0 = Debug|Any CPU
		{B2FC21DB-4FA2-4840-A875-794A2F975E3A}.Release|Any CPU.ActiveCfg = Release|Any CPU
		{B2FC21DB-4FA2-4840-A875-794A2F975E3A}.Release|Any CPU.Build.0 = Release|Any CPU
	EndGlobalSection
	GlobalSection(SolutionProperties) = preSolution
		HideSolutionNode = FALSE
	EndGlobalSection
	GlobalSection(ExtensibilityGlobals) = postSolution
		SolutionGuid = {C0D6A562-3A55-4232-837C-3170F87E1E92}
	EndGlobalSection
EndGlobal
